github.com/cloudflare/circl v1.6.3 h1:9GPOhQGF9MCYUeXyMYlqTR6a5gTrgR/fBLXvUgtVcg8=
github.com/cloudflare/circl v1.6.3/go.mod h1:2eXP6Qfat4O/Yhh8BznvKnJ+uzEoTQ6jVKJRn81BiS4=
github.com/cpuguy83/go-md2man/v2 v2.0.6/go.mod h1:oOW0eioCTA6cOiMLiUPZOpcVxMig6NIQQ7OS05n1F4g=
github.com/glycerine/blake2b v0.0.0-20151022103502-3c8c640cd7be h1:XBJdPGgA3qqhW+p9CANCAVdF7ZIXdu3pZAkypMkKAjE=
github.com/glycerine/blake2b v0.0.0-20151022103502-3c8c640cd7be/go.mod h1:OSCrScrFAjcBObrulk6BEQlytA462OkG1UGB5NYj9kE=
github.com/glycerine/goconvey v0.0.0-20190410193231-58a59202ab31 h1:gclg6gY70GLy3PbkQ1AERPfmLMMagS60DKF78eWwLn8=
github.com/glycerine/goconvey v0.0.0-20190410193231-58a59202ab31/go.mod h1:Ogl1Tioa0aV7gstGFO7KhffUsb9M4ydbEbbxpcEDc24=
github.com/glycerine/greenpack v5.1.1+incompatible h1:fDr9i6MkSGZmAy4VXPfJhW+SyK2/LNnzIp5nHyDiaIM=
github.com/glycerine/greenpack v5.1.1+incompatible/go.mod h1:us0jVISAESGjsEuLlAfCd5nkZm6W6WQF18HPuOecIg4=
github.com/glycerine/liner v0.0.0-20160121172638-72909af234e0 h1:4ZegphJXBTc4uFQ08UVoWYmQXorGa+ipXetUj83sMBc=
github.com/glycerine/liner v0.0.0-20160121172638-72909af234e0/go.mod h1:AqJLs6UeoC65dnHxyCQ6MO31P5STpjcmgaANAU+No8Q=
github.com/glycerine/zygomys v5.1.2+incompatible h1:jmcdmA3XPxgfOunAXFpipE9LQoUL6eX6d2mhYyjV4GE=
github.com/glycerine/zygomys v5.1.2+incompatible/go.mod h1:i3SPKZpmy9dwF/3iWrXJ/ZLyzZucegwypwOmqRkUUaQ=
github.com/google/go-cmp v0.7.0 h1:wk8382ETsv4JYUZwIsn6YpYiWiBsYLSJiTsyBybVuN8=
github.com/google/go-cmp v0.7.0/go.mod h1:pXiqmnSA92OHEEa9HXL2W4E7lf9JzCmGVUdgjX3N/iU=
github.com/gopherjs/gopherjs v1.20.1 h1:22uLWFvVcxhJ+j3dJ99NNfwGyHynxCmjhYsrcwqbY60=
github.com/gopherjs/gopherjs v1.20.1/go.mod h1:h+FTmmLgbXMmmtuZFp9bUqXciN429Wx0sJEJuMnpyfM=
github.com/inconshreveable/mousetrap v1.1.0 h1:wN+x4NVGpMsO7ErUn/mUI3vEoE6Jt13X2s0bqwp9tc8=
github.com/inconshreveable/mousetrap v1.1.0/go.mod h1:vpF70FUmC8bwa3OWnCshd2FqLfsEA9PFc4w1p2J65bw=
github.com/jtolds/gls v4.20.0+incompatible h1:xdiiI2gbIgH/gLH7ADydsJ1uDOEzR8yvV7C0MuV77Wo=
github.com/jtolds/gls v4.20.0+incompatible/go.mod h1:QJZ7F/aHp+rZTRtaJ1ow/lLfFfVYBRgL+9YlvaHOwJU=
github.com/philhofer/fwd v1.2.0 h1:e6DnBTl7vGY+Gz322/ASL4Gyp1FspeMvx1RNDoToZuM=
github.com/philhofer/fwd v1.2.0/go.mod h1:RqIHx9QI14HlwKwm98g9Re5prTQ6LdeRQn+gXJFxsJM=
github.com/russross/blackfriday/v2 v2.1.0/go.mod h1:+Rmxgy9KzJVeS9/2gXHxylqXiyQDYRxCVz55jmeOWTM=
github.com/shurcooL/go v0.0.0-20200502201357-93f07166e636 h1:aSISeOcal5irEhJd1M+IrApc0PdcN7e7Aj4yuEnOrfQ=
github.com/shurcooL/go v0.0.0-20200502201357-93f07166e636/go.mod h1:TDJrrUr11Vxrven61rcy3hJMUqaf/CLWYhHNPmT14Lk=
github.com/shurcooL/go-goon v1.0.0 h1:BCQPvxGkHHJ4WpBO4m/9FXbITVIsvAm/T66cCcCGI7E=
github.com/shurcooL/go-goon v1.0.0/go.mod h1:2wTHMsGo7qnpmqA8ADYZtP4I1DD94JpXGQ3Dxq2YQ5w=
github.com/spf13/cobra v1.9.1 h1:CXSaggrXdbHK9CF+8ywj8Amf7PBRmPCOJugH954Nnlo=
github.com/spf13/cobra v1.9.1/go.mod h1:nDyEzZ8ogv936Cinf6g1RU9MRY64Ir93oCnqb9wxYW0=
github.com/spf13/pflag v1.0.6 h1:jFzHGLGAlb3ruxLB8MhbI6A8+AQX/2eW4qeyNZXNp2o=
github.com/spf13/pflag v1.0.6/go.mod h1:McXfInJRrz4CZXVZOBLb0bTZqETkiAhM9Iw0y3An2Bg=
github.com/tinylib/msgp v1.6.3 h1:bCSxiTz386UTgyT1i0MSCvdbWjVW+8sG3PjkGsZQt4s=
github.com/tinylib/msgp v1.6.3/go.mod h1:RSp0LW9oSxFut3KzESt5Voq4GVWyS+PSulT77roAqEA=
github.com/ugorji/go/codec v1.3.1 h1:waO7eEiFDwidsBN6agj1vJQ4AG7lh2yqXyOXqhgQuyY=
github.com/ugorji/go/codec v1.3.1/go.mod h1:pRBVtBSKl77K30Bv8R2P+cLSGaTtex6fsA2Wjqmfxj4=
golang.org/x/crypto v0.50.0 h1:zO47/JPrL6vsNkINmLoo/PH1gcxpls50DNogFvB5ZGI=
golang.org/x/crypto v0.50.0/go.mod h1:3muZ7vA7PBCE6xgPX7nkzzjiUq87kRItoJQM1Yo8S+Q=
golang.org/x/sys v0.43.0 h1:Rlag2XtaFTxp19wS8MXlJwTvoh8ArU6ezoyFsMyCTNI=
golang.org/x/sys v0.43.0/go.mod h1:4GL1E5IUh+htKOUEOaiffhrAeqysfVGipDYzABqnCmw=
gopkg.in/check.v1 v0.0.0-20161208181325-20d25e280405/go.mod h1:Co6ibVJAznAaIkqp8huTwlJQCZ016jof/cbN4VW5Yz0=
gopkg.in/yaml.v3 v3.0.1/go.mod h1:K4uyk7z7BCEPqu6E+C64Yfv1cQ7kz7rIZviUmN+EgEM=
